// !$*UTF8*$!
{
	archiveVersion = 1;
	classes = {
	};
	objectVersion = 48;
	objects = {

/* Begin PBXBuildFile section */
		D928405720274C010071030A /* AppDelegate.swift in Sources */ = {isa = PBXBuildFile; fileRef = D928405620274C010071030A /* AppDelegate.swift */; };
		D928405920274C010071030A /* ViewController.swift in Sources */ = {isa = PBXBuildFile; fileRef = D928405820274C010071030A /* ViewController.swift */; };
		D928405C20274C010071030A /* Main.storyboard in Resources */ = {isa = PBXBuildFile; fileRef = D928405A20274C010071030A /* Main.storyboard */; };
		D928405E20274C010071030A /* Assets.xcassets in Resources */ = {isa = PBXBuildFile; fileRef = D928405D20274C010071030A /* Assets.xcassets */; };
		D928406120274C010071030A /* LaunchScreen.storyboard in Resources */ = {isa = PBXBuildFile; fileRef = D928405F20274C010071030A /* LaunchScreen.storyboard */; };
		D9284069202756020071030A /* rocket.png in Resources */ = {isa = PBXBuildFile; fileRef = D9284068202756020071030A /* rocket.png */; };
		D928408020278D4A0071030A /* MBProgressHUD.m in Sources */ = {isa = PBXBuildFile; fileRef = D928407F20278D490071030A /* MBProgressHUD.m */; };
		D928408A2028E11E0071030A /* PusherSwift.framework in Frameworks */ = {isa = PBXBuildFile; fileRef = D92840892028E1150071030A /* PusherSwift.framework */; };
/* End PBXBuildFile section */

/* Begin PBXContainerItemProxy section */
		D92840862028E1150071030A /* PBXContainerItemProxy */ = {
			isa = PBXContainerItemProxy;
			containerPortal = D92840812028E1150071030A /* Pods.xcodeproj */;
			proxyType = 2;
			remoteGlobalIDString = 6CC03E58C374904E139D5BACA0D76A9D;
			remoteInfo = "Pods-RedAlert";
		};
		D92840882028E1150071030A /* PBXContainerItemProxy */ = {
			isa = PBXContainerItemProxy;
			containerPortal = D92840812028E1150071030A /* Pods.xcodeproj */;
			proxyType = 2;
			remoteGlobalIDString = 27653B6A6033DB3EF0094A7B9627A957;
			remoteInfo = PusherSwift;
		};
/* End PBXContainerItemProxy section */

/* Begin PBXFileReference section */
		37F67F4B4A449AAF983047E9 /* Pods-RedAlert.debug.xcconfig */ = {isa = PBXFileReference; includeInIndex = 1; lastKnownFileType = text.xcconfig; name = "Pods-RedAlert.debug.xcconfig"; path = "Pods/Target Support Files/Pods-RedAlert/Pods-RedAlert.debug.xcconfig"; sourceTree = "<group>"; };
		9F06DABC75D160CFBD00DAD3 /* Pods_RedAlert.framework */ = {isa = PBXFileReference; explicitFileType = wrapper.framework; includeInIndex = 0; path = Pods_RedAlert.framework; sourceTree = BUILT_PRODUCTS_DIR; };
		C703A687FCBD37F936063D87 /* Pods-RedAlert.release.xcconfig */ = {isa = PBXFileReference; includeInIndex = 1; lastKnownFileType = text.xcconfig; name = "Pods-RedAlert.release.xcconfig"; path = "Pods/Target Support Files/Pods-RedAlert/Pods-RedAlert.release.xcconfig"; sourceTree = "<group>"; };
		D928405320274C010071030A /* RedAlert.app */ = {isa = PBXFileReference; explicitFileType = wrapper.application; includeInIndex = 0; path = RedAlert.app; sourceTree = BUILT_PRODUCTS_DIR; };
		D928405620274C010071030A /* AppDelegate.swift */ = {isa = PBXFileReference; lastKnownFileType = sourcecode.swift; path = AppDelegate.swift; sourceTree = "<group>"; };
		D928405820274C010071030A /* ViewController.swift */ = {isa = PBXFileReference; lastKnownFileType = sourcecode.swift; path = ViewController.swift; sourceTree = "<group>"; };
		D928405B20274C010071030A /* Base */ = {isa = PBXFileReference; lastKnownFileType = file.storyboard; name = Base; path = Base.lproj/Main.storyboard; sourceTree = "<group>"; };
		D928405D20274C010071030A /* Assets.xcassets */ = {isa = PBXFileReference; lastKnownFileType = folder.assetcatalog; path = Assets.xcassets; sourceTree = "<group>"; };
		D928406020274C010071030A /* Base */ = {isa = PBXFileReference; lastKnownFileType = file.storyboard; name = Base; path = Base.lproj/LaunchScreen.storyboard; sourceTree = "<group>"; };
		D928406220274C010071030A /* Info.plist */ = {isa = PBXFileReference; lastKnownFileType = text.plist.xml; path = Info.plist; sourceTree = "<group>"; };
		D9284068202756020071030A /* rocket.png */ = {isa = PBXFileReference; lastKnownFileType = image.png; name = rocket.png; path = ../../../../Downloads/rocket.png; sourceTree = "<group>"; };
		D928407D20278D480071030A /* RedAlert-Bridging-Header.h */ = {isa = PBXFileReference; lastKnownFileType = sourcecode.c.h; path = "RedAlert-Bridging-Header.h"; sourceTree = "<group>"; };
		D928407E20278D490071030A /* MBProgressHUD.h */ = {isa = PBXFileReference; fileEncoding = 4; lastKnownFileType = sourcecode.c.h; path = MBProgressHUD.h; sourceTree = "<group>"; };
		D928407F20278D490071030A /* MBProgressHUD.m */ = {isa = PBXFileReference; fileEncoding = 4; lastKnownFileType = sourcecode.c.objc; path = MBProgressHUD.m; sourceTree = "<group>"; };
		D92840812028E1150071030A /* Pods.xcodeproj */ = {isa = PBXFileReference; lastKnownFileType = "wrapper.pb-project"; name = Pods.xcodeproj; path = Pods/Pods.xcodeproj; sourceTree = "<group>"; };
/* End PBXFileReference section */

/* Begin PBXFrameworksBuildPhase section */
		D928405020274C010071030A /* Frameworks */ = {
			isa = PBXFrameworksBuildPhase;
			buildActionMask = 2147483647;
			files = (
				D928408A2028E11E0071030A /* PusherSwift.framework in Frameworks */,
			);
			runOnlyForDeploymentPostprocessing = 0;
		};
/* End PBXFrameworksBuildPhase section */

/* Begin PBXGroup section */
		1463739F1E9B56C24E5CD5DC /* Pods */ = {
			isa = PBXGroup;
			children = (
				37F67F4B4A449AAF983047E9 /* Pods-RedAlert.debug.xcconfig */,
				C703A687FCBD37F936063D87 /* Pods-RedAlert.release.xcconfig */,
			);
			name = Pods;
			sourceTree = "<group>";
		};
		2776880B6FDD99F800B6E811 /* Frameworks */ = {
			isa = PBXGroup;
			children = (
				D92840812028E1150071030A /* Pods.xcodeproj */,
				9F06DABC75D160CFBD00DAD3 /* Pods_RedAlert.framework */,
			);
			name = Frameworks;
			sourceTree = "<group>";
		};
		D928404A20274C010071030A = {
			isa = PBXGroup;
			children = (
				D928405520274C010071030A /* RedAlert */,
				D928405420274C010071030A /* Products */,
				1463739F1E9B56C24E5CD5DC /* Pods */,
				2776880B6FDD99F800B6E811 /* Frameworks */,
			);
			sourceTree = "<group>";
		};
		D928405420274C010071030A /* Products */ = {
			isa = PBXGroup;
			children = (
				D928405320274C010071030A /* RedAlert.app */,
			);
			name = Products;
			sourceTree = "<group>";
		};
		D928405520274C010071030A /* RedAlert */ = {
			isa = PBXGroup;
			children = (
				D928407E20278D490071030A /* MBProgressHUD.h */,
				D928407F20278D490071030A /* MBProgressHUD.m */,
				D9284068202756020071030A /* rocket.png */,
				D928405620274C010071030A /* AppDelegate.swift */,
				D928405820274C010071030A /* ViewController.swift */,
				D928405A20274C010071030A /* Main.storyboard */,
				D928405D20274C010071030A /* Assets.xcassets */,
				D928405F20274C010071030A /* LaunchScreen.storyboard */,
				D928406220274C010071030A /* Info.plist */,
				D928407D20278D480071030A /* RedAlert-Bridging-Header.h */,
			);
			path = RedAlert;
			sourceTree = "<group>";
		};
		D92840822028E1150071030A /* Products */ = {
			isa = PBXGroup;
			children = (
				D92840872028E1150071030A /* Pods_RedAlert.framework */,
				D92840892028E1150071030A /* PusherSwift.framework */,
			);
			name = Products;
			sourceTree = "<group>";
		};
/* End PBXGroup section */

/* Begin PBXNativeTarget section */
		D928405220274C010071030A /* RedAlert */ = {
			isa = PBXNativeTarget;
			buildConfigurationList = D928406520274C010071030A /* Build configuration list for PBXNativeTarget "RedAlert" */;
			buildPhases = (
				569A4DBBEDC1381B09C19FAD /* [CP] Check Pods Manifest.lock */,
				D928404F20274C010071030A /* Sources */,
				D928405020274C010071030A /* Frameworks */,
				D928405120274C010071030A /* Resources */,
				AD93EFF5FD0F00A91C7EC4A1 /* [CP] Embed Pods Frameworks */,
				5E19AD8778A3E2A15D91AFDF /* [CP] Copy Pods Resources */,
			);
			buildRules = (
			);
			dependencies = (
			);
			name = RedAlert;
			productName = TEst;
			productReference = D928405320274C010071030A /* RedAlert.app */;
			productType = "com.apple.product-type.application";
		};
/* End PBXNativeTarget section */

/* Begin PBXProject section */
		D928404B20274C010071030A /* Project object */ = {
			isa = PBXProject;
			attributes = {
				LastSwiftUpdateCheck = 0920;
				LastUpgradeCheck = 0920;
				ORGANIZATIONNAME = "Jean-Thierry BONHOMME";
				TargetAttributes = {
					D928405220274C010071030A = {
						CreatedOnToolsVersion = 9.2;
						LastSwiftMigration = 0920;
						ProvisioningStyle = Automatic;
					};
				};
			};
			buildConfigurationList = D928404E20274C010071030A /* Build configuration list for PBXProject "RedAlert" */;
			compatibilityVersion = "Xcode 8.0";
			developmentRegion = en;
			hasScannedForEncodings = 0;
			knownRegions = (
				en,
				Base,
			);
			mainGroup = D928404A20274C010071030A;
			productRefGroup = D928405420274C010071030A /* Products */;
			projectDirPath = "";
			projectReferences = (
				{
					ProductGroup = D92840822028E1150071030A /* Products */;
					ProjectRef = D92840812028E1150071030A /* Pods.xcodeproj */;
				},
			);
			projectRoot = "";
			targets = (
				D928405220274C010071030A /* RedAlert */,
			);
		};
/* End PBXProject section */

/* Begin PBXReferenceProxy section */
		D92840872028E1150071030A /* Pods_RedAlert.framework */ = {
			isa = PBXReferenceProxy;
			fileType = wrapper.framework;
			path = Pods_RedAlert.framework;
			remoteRef = D92840862028E1150071030A /* PBXContainerItemProxy */;
			sourceTree = BUILT_PRODUCTS_DIR;
		};
		D92840892028E1150071030A /* PusherSwift.framework */ = {
			isa = PBXReferenceProxy;
			fileType = wrapper.framework;
			path = PusherSwift.framework;
			remoteRef = D92840882028E1150071030A /* PBXContainerItemProxy */;
			sourceTree = BUILT_PRODUCTS_DIR;
		};
/* End PBXReferenceProxy section */

/* Begin PBXResourcesBuildPhase section */
		D928405120274C010071030A /* Resources */ = {
			isa = PBXResourcesBuildPhase;
			buildActionMask = 2147483647;
			files = (
				D928406120274C010071030A /* LaunchScreen.storyboard in Resources */,
				D9284069202756020071030A /* rocket.png in Resources */,
				D928405E20274C010071030A /* Assets.xcassets in Resources */,
				D928405C20274C010071030A /* Main.storyboard in Resources */,
			);
			runOnlyForDeploymentPostprocessing = 0;
		};
/* End PBXResourcesBuildPhase section */

/* Begin PBXShellScriptBuildPhase section */
		569A4DBBEDC1381B09C19FAD /* [CP] Check Pods Manifest.lock */ = {
			isa = PBXShellScriptBuildPhase;
			buildActionMask = 2147483647;
			files = (
			);
			inputPaths = (
				"${PODS_PODFILE_DIR_PATH}/Podfile.lock",
				"${PODS_ROOT}/Manifest.lock",
			);
			name = "[CP] Check Pods Manifest.lock";
			outputPaths = (
				"$(DERIVED_FILE_DIR)/Pods-RedAlert-checkManifestLockResult.txt",
			);
			runOnlyForDeploymentPostprocessing = 0;
			shellPath = /bin/sh;
			shellScript = "diff \"${PODS_PODFILE_DIR_PATH}/Podfile.lock\" \"${PODS_ROOT}/Manifest.lock\" > /dev/null\nif [ $? != 0 ] ; then\n    # print error to STDERR\n    echo \"error: The sandbox is not in sync with the Podfile.lock. Run 'pod install' or update your CocoaPods installation.\" >&2\n    exit 1\nfi\n# This output is used by Xcode 'outputs' to avoid re-running this script phase.\necho \"SUCCESS\" > \"${SCRIPT_OUTPUT_FILE_0}\"\n";
			showEnvVarsInLog = 0;
		};
		5E19AD8778A3E2A15D91AFDF /* [CP] Copy Pods Resources */ = {
			isa = PBXShellScriptBuildPhase;
			buildActionMask = 2147483647;
			files = (
			);
			inputPaths = (
			);
			name = "[CP] Copy Pods Resources";
			outputPaths = (
			);
			runOnlyForDeploymentPostprocessing = 0;
			shellPath = /bin/sh;
			shellScript = "\"${SRCROOT}/Pods/Target Support Files/Pods-RedAlert/Pods-RedAlert-resources.sh\"\n";
			showEnvVarsInLog = 0;
		};
		AD93EFF5FD0F00A91C7EC4A1 /* [CP] Embed Pods Frameworks */ = {
			isa = PBXShellScriptBuildPhase;
			buildActionMask = 2147483647;
			files = (
			);
			inputPaths = (
				"${SRCROOT}/Pods/Target Support Files/Pods-RedAlert/Pods-RedAlert-frameworks.sh",
				"${BUILT_PRODUCTS_DIR}/PusherSwift/PusherSwift.framework",
			);
			name = "[CP] Embed Pods Frameworks";
			outputPaths = (
				"${TARGET_BUILD_DIR}/${FRAMEWORKS_FOLDER_PATH}/PusherSwift.framework",
			);
			runOnlyForDeploymentPostprocessing = 0;
			shellPath = /bin/sh;
			shellScript = "\"${SRCROOT}/Pods/Target Support Files/Pods-RedAlert/Pods-RedAlert-frameworks.sh\"\n";
			showEnvVarsInLog = 0;
		};
/* End PBXShellScriptBuildPhase section */

/* Begin PBXSourcesBuildPhase section */
		D928404F20274C010071030A /* Sources */ = {
			isa = PBXSourcesBuildPhase;
			buildActionMask = 2147483647;
			files = (
				D928405920274C010071030A /* ViewController.swift in Sources */,
				D928408020278D4A0071030A /* MBProgressHUD.m in Sources */,
				D928405720274C010071030A /* AppDelegate.swift in Sources */,
			);
			runOnlyForDeploymentPostprocessing = 0;
		};
/* End PBXSourcesBuildPhase section */

/* Begin PBXVariantGroup section */
		D928405A20274C010071030A /* Main.storyboard */ = {
			isa = PBXVariantGroup;
			children = (
				D928405B20274C010071030A /* Base */,
			);
			name = Main.storyboard;
			sourceTree = "<group>";
		};
		D928405F20274C010071030A /* LaunchScreen.storyboard */ = {
			isa = PBXVariantGroup;
			children = (
				D928406020274C010071030A /* Base */,
			);
			name = LaunchScreen.storyboard;
			sourceTree = "<group>";
		};
/* End PBXVariantGroup section */

/* Begin XCBuildConfiguration section */
		D928406320274C010071030A /* Debug */ = {
			isa = XCBuildConfiguration;
			buildSettings = {
				ALWAYS_SEARCH_USER_PATHS = NO;
				CLANG_ANALYZER_NONNULL = YES;
				CLANG_ANALYZER_NUMBER_OBJECT_CONVERSION = YES_AGGRESSIVE;
				CLANG_CXX_LANGUAGE_STANDARD = "gnu++14";
				CLANG_CXX_LIBRARY = "libc++";
				CLANG_ENABLE_MODULES = YES;
				CLANG_ENABLE_OBJC_ARC = YES;
				CLANG_WARN_BLOCK_CAPTURE_AUTORELEASING = YES;
				CLANG_WARN_BOOL_CONVERSION = YES;
				CLANG_WARN_COMMA = YES;
				CLANG_WARN_CONSTANT_CONVERSION = YES;
				CLANG_WARN_DIRECT_OBJC_ISA_USAGE = YES_ERROR;
				CLANG_WARN_DOCUMENTATION_COMMENTS = YES;
				CLANG_WARN_EMPTY_BODY = YES;
				CLANG_WARN_ENUM_CONVERSION = YES;
				CLANG_WARN_INFINITE_RECURSION = YES;
				CLANG_WARN_INT_CONVERSION = YES;
				CLANG_WARN_NON_LITERAL_NULL_CONVERSION = YES;
				CLANG_WARN_OBJC_LITERAL_CONVERSION = YES;
				CLANG_WARN_OBJC_ROOT_CLASS = YES_ERROR;
				CLANG_WARN_RANGE_LOOP_ANALYSIS = YES;
				CLANG_WARN_STRICT_PROTOTYPES = YES;
				CLANG_WARN_SUSPICIOUS_MOVE = YES;
				CLANG_WARN_UNGUARDED_AVAILABILITY = YES_AGGRESSIVE;
				CLANG_WARN_UNREACHABLE_CODE = YES;
				CLANG_WARN__DUPLICATE_METHOD_MATCH = YES;
				CODE_SIGN_IDENTITY = "iPhone Developer";
				COPY_PHASE_STRIP = NO;
				DEBUG_INFORMATION_FORMAT = dwarf;
				ENABLE_STRICT_OBJC_MSGSEND = YES;
				ENABLE_TESTABILITY = YES;
				GCC_C_LANGUAGE_STANDARD = gnu11;
				GCC_DYNAMIC_NO_PIC = NO;
				GCC_NO_COMMON_BLOCKS = YES;
				GCC_OPTIMIZATION_LEVEL = 0;
				GCC_PREPROCESSOR_DEFINITIONS = (
					"DEBUG=1",
					"$(inherited)",
				);
				GCC_WARN_64_TO_32_BIT_CONVERSION = YES;
				GCC_WARN_ABOUT_RETURN_TYPE = YES_ERROR;
				GCC_WARN_UNDECLARED_SELECTOR = YES;
				GCC_WARN_UNINITIALIZED_AUTOS = YES_AGGRESSIVE;
				GCC_WARN_UNUSED_FUNCTION = YES;
				GCC_WARN_UNUSED_VARIABLE = YES;
				IPHONEOS_DEPLOYMENT_TARGET = 11.2;
				MTL_ENABLE_DEBUG_INFO = YES;
				ONLY_ACTIVE_ARCH = YES;
				SDKROOT = iphoneos;
				SWIFT_ACTIVE_COMPILATION_CONDITIONS = DEBUG;
				"SWIFT_INCLUDE_PATHS[arch=*]" = .;
				SWIFT_OPTIMIZATION_LEVEL = "-Onone";
				SWIFT_SWIFT3_OBJC_INFERENCE = Default;
			};
			name = Debug;
		};
		D928406420274C010071030A /* Release */ = {
			isa = XCBuildConfiguration;
			buildSettings = {
				ALWAYS_SEARCH_USER_PATHS = NO;
				CLANG_ANALYZER_NONNULL = YES;
				CLANG_ANALYZER_NUMBER_OBJECT_CONVERSION = YES_AGGRESSIVE;
				CLANG_CXX_LANGUAGE_STANDARD = "gnu++14";
				CLANG_CXX_LIBRARY = "libc++";
				CLANG_ENABLE_MODULES = YES;
				CLANG_ENABLE_OBJC_ARC = YES;
				CLANG_WARN_BLOCK_CAPTURE_AUTORELEASING = YES;
				CLANG_WARN_BOOL_CONVERSION = YES;
				CLANG_WARN_COMMA = YES;
				CLANG_WARN_CONSTANT_CONVERSION = YES;
				CLANG_WARN_DIRECT_OBJC_ISA_USAGE = YES_ERROR;
				CLANG_WARN_DOCUMENTATION_COMMENTS = YES;
				CLANG_WARN_EMPTY_BODY = YES;
				CLANG_WARN_ENUM_CONVERSION = YES;
				CLANG_WARN_INFINITE_RECURSION = YES;
				CLANG_WARN_INT_CONVERSION = YES;
				CLANG_WARN_NON_LITERAL_NULL_CONVERSION = YES;
				CLANG_WARN_OBJC_LITERAL_CONVERSION = YES;
				CLANG_WARN_OBJC_ROOT_CLASS = YES_ERROR;
				CLANG_WARN_RANGE_LOOP_ANALYSIS = YES;
				CLANG_WARN_STRICT_PROTOTYPES = YES;
				CLANG_WARN_SUSPICIOUS_MOVE = YES;
				CLANG_WARN_UNGUARDED_AVAILABILITY = YES_AGGRESSIVE;
				CLANG_WARN_UNREACHABLE_CODE = YES;
				CLANG_WARN__DUPLICATE_METHOD_MATCH = YES;
				CODE_SIGN_IDENTITY = "iPhone Developer";
				COPY_PHASE_STRIP = NO;
				DEBUG_INFORMATION_FORMAT = "dwarf-with-dsym";
				ENABLE_NS_ASSERTIONS = NO;
				ENABLE_STRICT_OBJC_MSGSEND = YES;
				GCC_C_LANGUAGE_STANDARD = gnu11;
				GCC_NO_COMMON_BLOCKS = YES;
				GCC_WARN_64_TO_32_BIT_CONVERSION = YES;
				GCC_WARN_ABOUT_RETURN_TYPE = YES_ERROR;
				GCC_WARN_UNDECLARED_SELECTOR = YES;
				GCC_WARN_UNINITIALIZED_AUTOS = YES_AGGRESSIVE;
				GCC_WARN_UNUSED_FUNCTION = YES;
				GCC_WARN_UNUSED_VARIABLE = YES;
				IPHONEOS_DEPLOYMENT_TARGET = 11.2;
				MTL_ENABLE_DEBUG_INFO = NO;
				SDKROOT = iphoneos;
				"SWIFT_INCLUDE_PATHS[arch=*]" = .;
				SWIFT_OPTIMIZATION_LEVEL = "-Owholemodule";
				SWIFT_SWIFT3_OBJC_INFERENCE = Default;
				VALIDATE_PRODUCT = YES;
			};
			name = Release;
		};
		D928406620274C010071030A /* Debug */ = {
			isa = XCBuildConfiguration;
			baseConfigurationReference = 37F67F4B4A449AAF983047E9 /* Pods-RedAlert.debug.xcconfig */;
			buildSettings = {
				ASSETCATALOG_COMPILER_APPICON_NAME = AppIcon;
				CLANG_ENABLE_MODULES = YES;
				CODE_SIGN_STYLE = Automatic;
				DEVELOPMENT_TEAM = HZ6LN96TP6;
				INFOPLIST_FILE = "$(SRCROOT)/RedAlert/Info.plist";
				LD_RUNPATH_SEARCH_PATHS = "$(inherited) @executable_path/Frameworks";
				PRODUCT_BUNDLE_IDENTIFIER = fr.jtbonhomme.redalert;
				PRODUCT_NAME = "$(TARGET_NAME)";
				SWIFT_OBJC_BRIDGING_HEADER = "RedAlert/RedAlert-Bridging-Header.h";
				SWIFT_OPTIMIZATION_LEVEL = "-Onone";
				SWIFT_SWIFT3_OBJC_INFERENCE = On;
				SWIFT_VERSION = 4.0;
				TARGETED_DEVICE_FAMILY = "1,2";
			};
			name = Debug;
		};
		D928406720274C010071030A /* Release */ = {
			isa = XCBuildConfiguration;
			baseConfigurationReference = C703A687FCBD37F936063D87 /* Pods-RedAlert.release.xcconfig */;
			buildSettings = {
				ASSETCATALOG_COMPILER_APPICON_NAME = AppIcon;
				CLANG_ENABLE_MODULES = YES;
				CODE_SIGN_STYLE = Automatic;
				DEVELOPMENT_TEAM = HZ6LN96TP6;
				INFOPLIST_FILE = "$(SRCROOT)/RedAlert/Info.plist";
				LD_RUNPATH_SEARCH_PATHS = "$(inherited) @executable_path/Frameworks";
				PRODUCT_BUNDLE_IDENTIFIER = fr.jtbonhomme.redalert;
				PRODUCT_NAME = "$(TARGET_NAME)";
				SWIFT_OBJC_BRIDGING_HEADER = "RedAlert/RedAlert-Bridging-Header.h";
				SWIFT_SWIFT3_OBJC_INFERENCE = On;
				SWIFT_VERSION = 4.0;
				TARGETED_DEVICE_FAMILY = "1,2";
			};
			name = Release;
		};
/* End XCBuildConfiguration section */

/* Begin XCConfigurationList section */
		D928404E20274C010071030A /* Build configuration list for PBXProject "RedAlert" */ = {
			isa = XCConfigurationList;
			buildConfigurations = (
				D928406320274C010071030A /* Debug */,
				D928406420274C010071030A /* Release */,
			);
			defaultConfigurationIsVisible = 0;
			defaultConfigurationName = Release;
		};
		D928406520274C010071030A /* Build configuration list for PBXNativeTarget "RedAlert" */ = {
			isa = XCConfigurationList;
			buildConfigurations = (
				D928406620274C010071030A /* Debug */,
				D928406720274C010071030A /* Release */,
			);
			defaultConfigurationIsVisible = 0;
			defaultConfigurationName = Release;
		};
/* End XCConfigurationList section */
	};
	rootObject = D928404B20274C010071030A /* Project object */;
}
